
Microsoft Visual Studio Solution File, Format Version 12.00
# Visual Studio Version 17
VisualStudioVersion = 17.13.35931.197 d17.13
MinimumVisualStudioVersion = 10.0.40219.1
Project("{FAE04EC0-301F-11D3-BF4B-00C04F79EFBC}") = "agalloS5A", "agalloS5A.csproj", "{646E6814-7216-4B71-84BC-3BCF78E684D4}"
EndProject
Global
	GlobalSection(SolutionConfigurationPlatforms) = preSolution
		Debug|Any CPU = Debug|Any CPU
		Release|Any CPU = Release|Any CPU
	EndGlobalSection
	GlobalSection(ProjectConfigurationPlatforms) = postSolution
		{646E6814-7216-4B71-84BC-3BCF78E684D4}.Debug|Any CPU.ActiveCfg = Debug|Any CPU
		{646E6814-7216-4B71-84BC-3BCF78E684D4}.Debug|Any CPU.Build.0 = Debug|Any CPU
		{646E6814-7216-4B71-84BC-3BCF78E684D4}.Release|Any CPU.ActiveCfg = Release|Any CPU
		{646E6814-7216-4B71-84BC-3BCF78E684D4}.Release|Any CPU.Build.0 = Release|Any CPU
	EndGlobalSection
	GlobalSection(SolutionProperties) = preSolution
		HideSolutionNode = FALSE
	EndGlobalSection
	GlobalSection(ExtensibilityGlobals) = postSolution
		SolutionGuid = {AAA5101F-51BA-4325-84C1-532A11FF24BC}
	EndGlobalSection
EndGlobal
